// !$*UTF8*$!
{
	archiveVersion = 1;
	classes = {
	};
	objectVersion = 46;
	objects = {

/* Begin PBXBuildFile section */
		39F9A3241B63BC6600304FA3 /* AppDelegate.swift in Sources */ = {isa = PBXBuildFile; fileRef = 39F9A3231B63BC6600304FA3 /* AppDelegate.swift */; };
		39F9A3261B63BC6600304FA3 /* ViewController.swift in Sources */ = {isa = PBXBuildFile; fileRef = 39F9A3251B63BC6600304FA3 /* ViewController.swift */; };
		39F9A3291B63BC6600304FA3 /* Main.storyboard in Resources */ = {isa = PBXBuildFile; fileRef = 39F9A3271B63BC6600304FA3 /* Main.storyboard */; };
		39F9A32B1B63BC6600304FA3 /* Images.xcassets in Resources */ = {isa = PBXBuildFile; fileRef = 39F9A32A1B63BC6600304FA3 /* Images.xcassets */; };
		39F9A32E1B63BC6600304FA3 /* LaunchScreen.xib in Resources */ = {isa = PBXBuildFile; fileRef = 39F9A32C1B63BC6600304FA3 /* LaunchScreen.xib */; };
		39F9A33A1B63BC6700304FA3 /* BackgroundDrawingAttributeTests.swift in Sources */ = {isa = PBXBuildFile; fileRef = 39F9A3391B63BC6700304FA3 /* BackgroundDrawingAttributeTests.swift */; };
		39F9A3441B63BC8B00304FA3 /* BackgroundAttributeView.swift in Sources */ = {isa = PBXBuildFile; fileRef = 39F9A3431B63BC8B00304FA3 /* BackgroundAttributeView.swift */; };
/* End PBXBuildFile section */

/* Begin PBXContainerItemProxy section */
		39F9A3341B63BC6700304FA3 /* PBXContainerItemProxy */ = {
			isa = PBXContainerItemProxy;
			containerPortal = 39F9A3161B63BC6600304FA3 /* Project object */;
			proxyType = 1;
			remoteGlobalIDString = 39F9A31D1B63BC6600304FA3;
			remoteInfo = BackgroundDrawingAttribute;
		};
/* End PBXContainerItemProxy section */

/* Begin PBXFileReference section */
		39F9A31E1B63BC6600304FA3 /* BackgroundDrawingAttribute.app */ = {isa = PBXFileReference; explicitFileType = wrapper.application; includeInIndex = 0; path = BackgroundDrawingAttribute.app; sourceTree = BUILT_PRODUCTS_DIR; };
		39F9A3221B63BC6600304FA3 /* Info.plist */ = {isa = PBXFileReference; lastKnownFileType = text.plist.xml; path = Info.plist; sourceTree = "<group>"; };
		39F9A3231B63BC6600304FA3 /* AppDelegate.swift */ = {isa = PBXFileReference; lastKnownFileType = sourcecode.swift; path = AppDelegate.swift; sourceTree = "<group>"; };
		39F9A3251B63BC6600304FA3 /* ViewController.swift */ = {isa = PBXFileReference; lastKnownFileType = sourcecode.swift; path = ViewController.swift; sourceTree = "<group>"; };
		39F9A3281B63BC6600304FA3 /* Base */ = {isa = PBXFileReference; lastKnownFileType = file.storyboard; name = Base; path = Base.lproj/Main.storyboard; sourceTree = "<group>"; };
		39F9A32A1B63BC6600304FA3 /* Images.xcassets */ = {isa = PBXFileReference; lastKnownFileType = folder.assetcatalog; path = Images.xcassets; sourceTree = "<group>"; };
		39F9A32D1B63BC6600304FA3 /* Base */ = {isa = PBXFileReference; lastKnownFileType = file.xib; name = Base; path = Base.lproj/LaunchScreen.xib; sourceTree = "<group>"; };
		39F9A3331B63BC6700304FA3 /* BackgroundDrawingAttributeTests.xctest */ = {isa = PBXFileReference; explicitFileType = wrapper.cfbundle; includeInIndex = 0; path = BackgroundDrawingAttributeTests.xctest; sourceTree = BUILT_PRODUCTS_DIR; };
		39F9A3381B63BC6700304FA3 /* Info.plist */ = {isa = PBXFileReference; lastKnownFileType = text.plist.xml; path = Info.plist; sourceTree = "<group>"; };
		39F9A3391B63BC6700304FA3 /* BackgroundDrawingAttributeTests.swift */ = {isa = PBXFileReference; lastKnownFileType = sourcecode.swift; path = BackgroundDrawingAttributeTests.swift; sourceTree = "<group>"; };
		39F9A3431B63BC8B00304FA3 /* BackgroundAttributeView.swift */ = {isa = PBXFileReference; fileEncoding = 4; lastKnownFileType = sourcecode.swift; path = BackgroundAttributeView.swift; sourceTree = "<group>"; };
/* End PBXFileReference section */

/* Begin PBXFrameworksBuildPhase section */
		39F9A31B1B63BC6600304FA3 /* Frameworks */ = {
			isa = PBXFrameworksBuildPhase;
			buildActionMask = 2147483647;
			files = (
			);
			runOnlyForDeploymentPostprocessing = 0;
		};
		39F9A3301B63BC6700304FA3 /* Frameworks */ = {
			isa = PBXFrameworksBuildPhase;
			buildActionMask = 2147483647;
			files = (
			);
			runOnlyForDeploymentPostprocessing = 0;
		};
/* End PBXFrameworksBuildPhase section */

/* Begin PBXGroup section */
		39F9A3151B63BC6600304FA3 = {
			isa = PBXGroup;
			children = (
				39F9A3201B63BC6600304FA3 /* BackgroundDrawingAttribute */,
				39F9A3361B63BC6700304FA3 /* BackgroundDrawingAttributeTests */,
				39F9A31F1B63BC6600304FA3 /* Products */,
			);
			sourceTree = "<group>";
		};
		39F9A31F1B63BC6600304FA3 /* Products */ = {
			isa = PBXGroup;
			children = (
				39F9A31E1B63BC6600304FA3 /* BackgroundDrawingAttribute.app */,
				39F9A3331B63BC6700304FA3 /* BackgroundDrawingAttributeTests.xctest */,
			);
			name = Products;
			sourceTree = "<group>";
		};
		39F9A3201B63BC6600304FA3 /* BackgroundDrawingAttribute */ = {
			isa = PBXGroup;
			children = (
				39F9A3431B63BC8B00304FA3 /* BackgroundAttributeView.swift */,
				39F9A3231B63BC6600304FA3 /* AppDelegate.swift */,
				39F9A3251B63BC6600304FA3 /* ViewController.swift */,
				39F9A3271B63BC6600304FA3 /* Main.storyboard */,
				39F9A32A1B63BC6600304FA3 /* Images.xcassets */,
				39F9A32C1B63BC6600304FA3 /* LaunchScreen.xib */,
				39F9A3211B63BC6600304FA3 /* Supporting Files */,
			);
			path = BackgroundDrawingAttribute;
			sourceTree = "<group>";
		};
		39F9A3211B63BC6600304FA3 /* Supporting Files */ = {
			isa = PBXGroup;
			children = (
				39F9A3221B63BC6600304FA3 /* Info.plist */,
			);
			name = "Supporting Files";
			sourceTree = "<group>";
		};
		39F9A3361B63BC6700304FA3 /* BackgroundDrawingAttributeTests */ = {
			isa = PBXGroup;
			children = (
				39F9A3391B63BC6700304FA3 /* BackgroundDrawingAttributeTests.swift */,
				39F9A3371B63BC6700304FA3 /* Supporting Files */,
			);
			path = BackgroundDrawingAttributeTests;
			sourceTree = "<group>";
		};
		39F9A3371B63BC6700304FA3 /* Supporting Files */ = {
			isa = PBXGroup;
			children = (
				39F9A3381B63BC6700304FA3 /* Info.plist */,
			);
			name = "Supporting Files";
			sourceTree = "<group>";
		};
/* End PBXGroup section */

/* Begin PBXNativeTarget section */
		39F9A31D1B63BC6600304FA3 /* BackgroundDrawingAttribute */ = {
			isa = PBXNativeTarget;
			buildConfigurationList = 39F9A33D1B63BC6700304FA3 /* Build configuration list for PBXNativeTarget "BackgroundDrawingAttribute" */;
			buildPhases = (
				39F9A31A1B63BC6600304FA3 /* Sources */,
				39F9A31B1B63BC6600304FA3 /* Frameworks */,
				39F9A31C1B63BC6600304FA3 /* Resources */,
			);
			buildRules = (
			);
			dependencies = (
			);
			name = BackgroundDrawingAttribute;
			productName = BackgroundDrawingAttribute;
			productReference = 39F9A31E1B63BC6600304FA3 /* BackgroundDrawingAttribute.app */;
			productType = "com.apple.product-type.application";
		};
		39F9A3321B63BC6700304FA3 /* BackgroundDrawingAttributeTests */ = {
			isa = PBXNativeTarget;
			buildConfigurationList = 39F9A3401B63BC6700304FA3 /* Build configuration list for PBXNativeTarget "BackgroundDrawingAttributeTests" */;
			buildPhases = (
				39F9A32F1B63BC6700304FA3 /* Sources */,
				39F9A3301B63BC6700304FA3 /* Frameworks */,
				39F9A3311B63BC6700304FA3 /* Resources */,
			);
			buildRules = (
			);
			dependencies = (
				39F9A3351B63BC6700304FA3 /* PBXTargetDependency */,
			);
			name = BackgroundDrawingAttributeTests;
			productName = BackgroundDrawingAttributeTests;
			productReference = 39F9A3331B63BC6700304FA3 /* BackgroundDrawingAttributeTests.xctest */;
			productType = "com.apple.product-type.bundle.unit-test";
		};
/* End PBXNativeTarget section */

/* Begin PBXProject section */
		39F9A3161B63BC6600304FA3 /* Project object */ = {
			isa = PBXProject;
			attributes = {
				LastUpgradeCheck = 0830;
				ORGANIZATIONNAME = Sixpolys;
				TargetAttributes = {
					39F9A31D1B63BC6600304FA3 = {
						CreatedOnToolsVersion = 6.4;
						DevelopmentTeam = 32N55E2MZA;
						LastSwiftMigration = 0830;
						ProvisioningStyle = Automatic;
					};
					39F9A3321B63BC6700304FA3 = {
						CreatedOnToolsVersion = 6.4;
						DevelopmentTeam = 32N55E2MZA;
						LastSwiftMigration = 0830;
						TestTargetID = 39F9A31D1B63BC6600304FA3;
					};
				};
			};
			buildConfigurationList = 39F9A3191B63BC6600304FA3 /* Build configuration list for PBXProject "BackgroundDrawingAttribute" */;
			compatibilityVersion = "Xcode 3.2";
			developmentRegion = English;
			hasScannedForEncodings = 0;
			knownRegions = (
				en,
				Base,
			);
			mainGroup = 39F9A3151B63BC6600304FA3;
			productRefGroup = 39F9A31F1B63BC6600304FA3 /* Products */;
			projectDirPath = "";
			projectRoot = "";
			targets = (
				39F9A31D1B63BC6600304FA3 /* BackgroundDrawingAttribute */,
				39F9A3321B63BC6700304FA3 /* BackgroundDrawingAttributeTests */,
			);
		};
/* End PBXProject section */

/* Begin PBXResourcesBuildPhase section */
		39F9A31C1B63BC6600304FA3 /* Resources */ = {
			isa = PBXResourcesBuildPhase;
			buildActionMask = 2147483647;
			files = (
				39F9A3291B63BC6600304FA3 /* Main.storyboard in Resources */,
				39F9A32E1B63BC6600304FA3 /* LaunchScreen.xib in Resources */,
				39F9A32B1B63BC6600304FA3 /* Images.xcassets in Resources */,
			);
			runOnlyForDeploymentPostprocessing = 0;
		};
		39F9A3311B63BC6700304FA3 /* Resources */ = {
			isa = PBXResourcesBuildPhase;
			buildActionMask = 2147483647;
			files = (
			);
			runOnlyForDeploymentPostprocessing = 0;
		};
/* End PBXResourcesBuildPhase section */

/* Begin PBXSourcesBuildPhase section */
		39F9A31A1B63BC6600304FA3 /* Sources */ = {
			isa = PBXSourcesBuildPhase;
			buildActionMask = 2147483647;
			files = (
				39F9A3261B63BC6600304FA3 /* ViewController.swift in Sources */,
				39F9A3241B63BC6600304FA3 /* AppDelegate.swift in Sources */,
				39F9A3441B63BC8B00304FA3 /* BackgroundAttributeView.swift in Sources */,
			);
			runOnlyForDeploymentPostprocessing = 0;
		};
		39F9A32F1B63BC6700304FA3 /* Sources */ = {
			isa = PBXSourcesBuildPhase;
			buildActionMask = 2147483647;
			files = (
				39F9A33A1B63BC6700304FA3 /* BackgroundDrawingAttributeTests.swift in Sources */,
			);
			runOnlyForDeploymentPostprocessing = 0;
		};
/* End PBXSourcesBuildPhase section */

/* Begin PBXTargetDependency section */
		39F9A3351B63BC6700304FA3 /* PBXTargetDependency */ = {
			isa = PBXTargetDependency;
			target = 39F9A31D1B63BC6600304FA3 /* BackgroundDrawingAttribute */;
			targetProxy = 39F9A3341B63BC6700304FA3 /* PBXContainerItemProxy */;
		};
/* End PBXTargetDependency section */

/* Begin PBXVariantGroup section */
		39F9A3271B63BC6600304FA3 /* Main.storyboard */ = {
			isa = PBXVariantGroup;
			children = (
				39F9A3281B63BC6600304FA3 /* Base */,
			);
			name = Main.storyboard;
			sourceTree = "<group>";
		};
		39F9A32C1B63BC6600304FA3 /* LaunchScreen.xib */ = {
			isa = PBXVariantGroup;
			children = (
				39F9A32D1B63BC6600304FA3 /* Base */,
			);
			name = LaunchScreen.xib;
			sourceTree = "<group>";
		};
/* End PBXVariantGroup section */

/* Begin XCBuildConfiguration section */
		39F9A33B1B63BC6700304FA3 /* Debug */ = {
			isa = XCBuildConfiguration;
			buildSettings = {
				ALWAYS_SEARCH_USER_PATHS = NO;
				CLANG_CXX_LANGUAGE_STANDARD = "gnu++0x";
				CLANG_CXX_LIBRARY = "libc++";
				CLANG_ENABLE_MODULES = YES;
				CLANG_ENABLE_OBJC_ARC = YES;
				CLANG_WARN_BOOL_CONVERSION = YES;
				CLANG_WARN_CONSTANT_CONVERSION = YES;
				CLANG_WARN_DIRECT_OBJC_ISA_USAGE = YES_ERROR;
				CLANG_WARN_EMPTY_BODY = YES;
				CLANG_WARN_ENUM_CONVERSION = YES;
				CLANG_WARN_INFINITE_RECURSION = YES;
				CLANG_WARN_INT_CONVERSION = YES;
				CLANG_WARN_OBJC_ROOT_CLASS = YES_ERROR;
				CLANG_WARN_SUSPICIOUS_MOVE = YES;
				CLANG_WARN_UNREACHABLE_CODE = YES;
				CLANG_WARN__DUPLICATE_METHOD_MATCH = YES;
				"CODE_SIGN_IDENTITY[sdk=iphoneos*]" = "iPhone Developer";
				COPY_PHASE_STRIP = NO;
				DEBUG_INFORMATION_FORMAT = "dwarf-with-dsym";
				ENABLE_STRICT_OBJC_MSGSEND = YES;
				ENABLE_TESTABILITY = YES;
				GCC_C_LANGUAGE_STANDARD = gnu99;
				GCC_DYNAMIC_NO_PIC = NO;
				GCC_NO_COMMON_BLOCKS = YES;
				GCC_OPTIMIZATION_LEVEL = 0;
				GCC_PREPROCESSOR_DEFINITIONS = (
					"DEBUG=1",
					"$(inherited)",
				);
				GCC_SYMBOLS_PRIVATE_EXTERN = NO;
				GCC_WARN_64_TO_32_BIT_CONVERSION = YES;
				GCC_WARN_ABOUT_RETURN_TYPE = YES_ERROR;
				GCC_WARN_UNDECLARED_SELECTOR = YES;
				GCC_WARN_UNINITIALIZED_AUTOS = YES_AGGRESSIVE;
				GCC_WARN_UNUSED_FUNCTION = YES;
				GCC_WARN_UNUSED_VARIABLE = YES;
				IPHONEOS_DEPLOYMENT_TARGET = 8.4;
				MTL_ENABLE_DEBUG_INFO = YES;
				ONLY_ACTIVE_ARCH = YES;
				SDKROOT = iphoneos;
				SWIFT_OPTIMIZATION_LEVEL = "-Onone";
			};
			name = Debug;
		};
		39F9A33C1B63BC6700304FA3 /* Release */ = {
			isa = XCBuildConfiguration;
			buildSettings = {
				ALWAYS_SEARCH_USER_PATHS = NO;
				CLANG_CXX_LANGUAGE_STANDARD = "gnu++0x";
				CLANG_CXX_LIBRARY = "libc++";
				CLANG_ENABLE_MODULES = YES;
				CLANG_ENABLE_OBJC_ARC = YES;
				CLANG_WARN_BOOL_CONVERSION = YES;
				CLANG_WARN_CONSTANT_CONVERSION = YES;
				CLANG_WARN_DIRECT_OBJC_ISA_USAGE = YES_ERROR;
				CLANG_WARN_EMPTY_BODY = YES;
				CLANG_WARN_ENUM_CONVERSION = YES;
				CLANG_WARN_INFINITE_RECURSION = YES;
				CLANG_WARN_INT_CONVERSION = YES;
				CLANG_WARN_OBJC_ROOT_CLASS = YES_ERROR;
				CLANG_WARN_SUSPICIOUS_MOVE = YES;
				CLANG_WARN_UNREACHABLE_CODE = YES;
				CLANG_WARN__DUPLICATE_METHOD_MATCH = YES;
				"CODE_SIGN_IDENTITY[sdk=iphoneos*]" = "iPhone Developer";
				COPY_PHASE_STRIP = NO;
				DEBUG_INFORMATION_FORMAT = "dwarf-with-dsym";
				ENABLE_NS_ASSERTIONS = NO;
				ENABLE_STRICT_OBJC_MSGSEND = YES;
				GCC_C_LANGUAGE_STANDARD = gnu99;
				GCC_NO_COMMON_BLOCKS = YES;
				GCC_WARN_64_TO_32_BIT_CONVERSION = YES;
				GCC_WARN_ABOUT_RETURN_TYPE = YES_ERROR;
				GCC_WARN_UNDECLARED_SELECTOR = YES;
				GCC_WARN_UNINITIALIZED_AUTOS = YES_AGGRESSIVE;
				GCC_WARN_UNUSED_FUNCTION = YES;
				GCC_WARN_UNUSED_VARIABLE = YES;
				IPHONEOS_DEPLOYMENT_TARGET = 8.4;
				MTL_ENABLE_DEBUG_INFO = NO;
				SDKROOT = iphoneos;
				SWIFT_OPTIMIZATION_LEVEL = "-Owholemodule";
				VALIDATE_PRODUCT = YES;
			};
			name = Release;
		};
		39F9A33E1B63BC6700304FA3 /* Debug */ = {
			isa = XCBuildConfiguration;
			buildSettings = {
				ASSETCATALOG_COMPILER_APPICON_NAME = AppIcon;
				"CODE_SIGN_IDENTITY[sdk=iphoneos*]" = "iPhone Developer";
				DEVELOPMENT_TEAM = 32N55E2MZA;
				INFOPLIST_FILE = BackgroundDrawingAttribute/Info.plist;
				LD_RUNPATH_SEARCH_PATHS = "$(inherited) @executable_path/Frameworks";
				PRODUCT_BUNDLE_IDENTIFIER = "com.sixpolys.$(PRODUCT_NAME:rfc1034identifier)";
				PRODUCT_NAME = "$(TARGET_NAME)";
				PROVISIONING_PROFILE_SPECIFIER = "";
				SWIFT_VERSION = 3.0;
				TARGETED_DEVICE_FAMILY = "1,2";
			};
			name = Debug;
		};
		39F9A33F1B63BC6700304FA3 /* Release */ = {
			isa = XCBuildConfiguration;
			buildSettings = {
				ASSETCATALOG_COMPILER_APPICON_NAME = AppIcon;
				"CODE_SIGN_IDENTITY[sdk=iphoneos*]" = "iPhone Developer";
				DEVELOPMENT_TEAM = 32N55E2MZA;
				INFOPLIST_FILE = BackgroundDrawingAttribute/Info.plist;
				LD_RUNPATH_SEARCH_PATHS = "$(inherited) @executable_path/Frameworks";
				PRODUCT_BUNDLE_IDENTIFIER = "com.sixpolys.$(PRODUCT_NAME:rfc1034identifier)";
				PRODUCT_NAME = "$(TARGET_NAME)";
				PROVISIONING_PROFILE_SPECIFIER = "";
				SWIFT_VERSION = 3.0;
				TARGETED_DEVICE_FAMILY = "1,2";
			};
			name = Release;
		};
		39F9A3411B63BC6700304FA3 /* Debug */ = {
			isa = XCBuildConfiguration;
			buildSettings = {
				BUNDLE_LOADER = "$(TEST_HOST)";
				DEVELOPMENT_TEAM = 32N55E2MZA;
				FRAMEWORK_SEARCH_PATHS = (
					"$(SDKROOT)/Developer/Library/Frameworks",
					"$(inherited)",
				);
				GCC_PREPROCESSOR_DEFINITIONS = (
					"DEBUG=1",
					"$(inherited)",
				);
				INFOPLIST_FILE = BackgroundDrawingAttributeTests/Info.plist;
				LD_RUNPATH_SEARCH_PATHS = "$(inherited) @executable_path/Frameworks @loader_path/Frameworks";
				PRODUCT_BUNDLE_IDENTIFIER = "com.sixpolys.$(PRODUCT_NAME:rfc1034identifier)";
				PRODUCT_NAME = "$(TARGET_NAME)";
				SWIFT_VERSION = 3.0;
				TEST_HOST = "$(BUILT_PRODUCTS_DIR)/BackgroundDrawingAttribute.app/BackgroundDrawingAttribute";
			};
			name = Debug;
		};
		39F9A3421B63BC6700304FA3 /* Release */ = {
			isa = XCBuildConfiguration;
			buildSettings = {
				BUNDLE_LOADER = "$(TEST_HOST)";
				DEVELOPMENT_TEAM = 32N55E2MZA;
				FRAMEWORK_SEARCH_PATHS = (
					"$(SDKROOT)/Developer/Library/Frameworks",
					"$(inherited)",
				);
				INFOPLIST_FILE = BackgroundDrawingAttributeTests/Info.plist;
				LD_RUNPATH_SEARCH_PATHS = "$(inherited) @executable_path/Frameworks @loader_path/Frameworks";
				PRODUCT_BUNDLE_IDENTIFIER = "com.sixpolys.$(PRODUCT_NAME:rfc1034identifier)";
				PRODUCT_NAME = "$(TARGET_NAME)";
				SWIFT_VERSION = 3.0;
				TEST_HOST = "$(BUILT_PRODUCTS_DIR)/BackgroundDrawingAttribute.app/BackgroundDrawingAttribute";
			};
			name = Release;
		};
/* End XCBuildConfiguration section */

/* Begin XCConfigurationList section */
		39F9A3191B63BC6600304FA3 /* Build configuration list for PBXProject "BackgroundDrawingAttribute" */ = {
			isa = XCConfigurationList;
			buildConfigurations = (
				39F9A33B1B63BC6700304FA3 /* Debug */,
				39F9A33C1B63BC6700304FA3 /* Release */,
			);
			defaultConfigurationIsVisible = 0;
			defaultConfigurationName = Release;
		};
		39F9A33D1B63BC6700304FA3 /* Build configuration list for PBXNativeTarget "BackgroundDrawingAttribute" */ = {
			isa = XCConfigurationList;
			buildConfigurations = (
				39F9A33E1B63BC6700304FA3 /* Debug */,
				39F9A33F1B63BC6700304FA3 /* Release */,
			);
			defaultConfigurationIsVisible = 0;
			defaultConfigurationName = Release;
		};
		39F9A3401B63BC6700304FA3 /* Build configuration list for PBXNativeTarget "BackgroundDrawingAttributeTests" */ = {
			isa = XCConfigurationList;
			buildConfigurations = (
				39F9A3411B63BC6700304FA3 /* Debug */,
				39F9A3421B63BC6700304FA3 /* Release */,
			);
			defaultConfigurationIsVisible = 0;
			defaultConfigurationName = Release;
		};
/* End XCConfigurationList section */
	};
	rootObject = 39F9A3161B63BC6600304FA3 /* Project object */;
}
